
Microsoft Visual Studio Solution File, Format Version 12.00
# Visual Studio 15
VisualStudioVersion = 15.0.26124.0
MinimumVisualStudioVersion = 15.0.26124.0
Project("{FAE04EC0-301F-11D3-BF4B-00C04F79EFBC}") = "API", "API\API.csproj", "{7A331E92-96F1-4B7C-8F53-80B320BE7FA1}"
EndProject
Project("{2150E333-8FDC-42A3-9474-1A3956D46DE8}") = "Infrastructure", "Infrastructure", "{F34854C0-2466-11EB-8A8A-47D605A0E795}"
EndProject
Project("{FAE04EC0-301F-11D3-BF4B-00C04F79EFBC}") = "Domain", "Domain\Domain.csproj", "{76CCF1C7-9881-4B76-B9EB-1322DABF78C2}"
EndProject
Project("{FAE04EC0-301F-11D3-BF4B-00C04F79EFBC}") = "Application", "Application\Application.csproj", "{81E59B08-9073-4FA7-AD22-97942AD31FE3}"
EndProject
Project("{FAE04EC0-301F-11D3-BF4B-00C04F79EFBC}") = "MongoRepository", "MongoRepository\MongoRepository.csproj", "{920980DA-DF34-4F6B-AC52-7303576F82DE}"
EndProject
Project("{FAE04EC0-301F-11D3-BF4B-00C04F79EFBC}") = "Test", "Test\Test.csproj", "{727B0748-2C92-4EB9-BB4F-B2544DC27771}"
EndProject
Project("{FAE04EC0-301F-11D3-BF4B-00C04F79EFBC}") = "JwtAuthentication", "JwtAuthentication\JwtAuthentication.csproj", "{64C9C78D-4BFA-4454-A759-688B1B70C3F0}"
EndProject
Global
	GlobalSection(SolutionConfigurationPlatforms) = preSolution
		Debug|Any CPU = Debug|Any CPU
		Debug|x64 = Debug|x64
		Debug|x86 = Debug|x86
		Release|Any CPU = Release|Any CPU
		Release|x64 = Release|x64
		Release|x86 = Release|x86
	EndGlobalSection
	GlobalSection(SolutionProperties) = preSolution
		HideSolutionNode = FALSE
	EndGlobalSection
	GlobalSection(ProjectConfigurationPlatforms) = postSolution
		{7A331E92-96F1-4B7C-8F53-80B320BE7FA1}.Debug|Any CPU.ActiveCfg = Debug|Any CPU
		{7A331E92-96F1-4B7C-8F53-80B320BE7FA1}.Debug|Any CPU.Build.0 = Debug|Any CPU
		{7A331E92-96F1-4B7C-8F53-80B320BE7FA1}.Debug|x64.ActiveCfg = Debug|Any CPU
		{7A331E92-96F1-4B7C-8F53-80B320BE7FA1}.Debug|x64.Build.0 = Debug|Any CPU
		{7A331E92-96F1-4B7C-8F53-80B320BE7FA1}.Debug|x86.ActiveCfg = Debug|Any CPU
		{7A331E92-96F1-4B7C-8F53-80B320BE7FA1}.Debug|x86.Build.0 = Debug|Any CPU
		{7A331E92-96F1-4B7C-8F53-80B320BE7FA1}.Release|Any CPU.ActiveCfg = Release|Any CPU
		{7A331E92-96F1-4B7C-8F53-80B320BE7FA1}.Release|Any CPU.Build.0 = Release|Any CPU
		{7A331E92-96F1-4B7C-8F53-80B320BE7FA1}.Release|x64.ActiveCfg = Release|Any CPU
		{7A331E92-96F1-4B7C-8F53-80B320BE7FA1}.Release|x64.Build.0 = Release|Any CPU
		{7A331E92-96F1-4B7C-8F53-80B320BE7FA1}.Release|x86.ActiveCfg = Release|Any CPU
		{7A331E92-96F1-4B7C-8F53-80B320BE7FA1}.Release|x86.Build.0 = Release|Any CPU
		{76CCF1C7-9881-4B76-B9EB-1322DABF78C2}.Debug|Any CPU.ActiveCfg = Debug|Any CPU
		{76CCF1C7-9881-4B76-B9EB-1322DABF78C2}.Debug|Any CPU.Build.0 = Debug|Any CPU
		{76CCF1C7-9881-4B76-B9EB-1322DABF78C2}.Debug|x64.ActiveCfg = Debug|Any CPU
		{76CCF1C7-9881-4B76-B9EB-1322DABF78C2}.Debug|x64.Build.0 = Debug|Any CPU
		{76CCF1C7-9881-4B76-B9EB-1322DABF78C2}.Debug|x86.ActiveCfg = Debug|Any CPU
		{76CCF1C7-9881-4B76-B9EB-1322DABF78C2}.Debug|x86.Build.0 = Debug|Any CPU
		{76CCF1C7-9881-4B76-B9EB-1322DABF78C2}.Release|Any CPU.ActiveCfg = Release|Any CPU
		{76CCF1C7-9881-4B76-B9EB-1322DABF78C2}.Release|Any CPU.Build.0 = Release|Any CPU
		{76CCF1C7-9881-4B76-B9EB-1322DABF78C2}.Release|x64.ActiveCfg = Release|Any CPU
		{76CCF1C7-9881-4B76-B9EB-1322DABF78C2}.Release|x64.Build.0 = Release|Any CPU
		{76CCF1C7-9881-4B76-B9EB-1322DABF78C2}.Release|x86.ActiveCfg = Release|Any CPU
		{76CCF1C7-9881-4B76-B9EB-1322DABF78C2}.Release|x86.Build.0 = Release|Any CPU
		{81E59B08-9073-4FA7-AD22-97942AD31FE3}.Debug|Any CPU.ActiveCfg = Debug|Any CPU
		{81E59B08-9073-4FA7-AD22-97942AD31FE3}.Debug|Any CPU.Build.0 = Debug|Any CPU
		{81E59B08-9073-4FA7-AD22-97942AD31FE3}.Debug|x64.ActiveCfg = Debug|Any CPU
		{81E59B08-9073-4FA7-AD22-97942AD31FE3}.Debug|x64.Build.0 = Debug|Any CPU
		{81E59B08-9073-4FA7-AD22-97942AD31FE3}.Debug|x86.ActiveCfg = Debug|Any CPU
		{81E59B08-9073-4FA7-AD22-97942AD31FE3}.Debug|x86.Build.0 = Debug|Any CPU
		{81E59B08-9073-4FA7-AD22-97942AD31FE3}.Release|Any CPU.ActiveCfg = Release|Any CPU
		{81E59B08-9073-4FA7-AD22-97942AD31FE3}.Release|Any CPU.Build.0 = Release|Any CPU
		{81E59B08-9073-4FA7-AD22-97942AD31FE3}.Release|x64.ActiveCfg = Release|Any CPU
		{81E59B08-9073-4FA7-AD22-97942AD31FE3}.Release|x64.Build.0 = Release|Any CPU
		{81E59B08-9073-4FA7-AD22-97942AD31FE3}.Release|x86.ActiveCfg = Release|Any CPU
		{81E59B08-9073-4FA7-AD22-97942AD31FE3}.Release|x86.Build.0 = Release|Any CPU
		{920980DA-DF34-4F6B-AC52-7303576F82DE}.Debug|Any CPU.ActiveCfg = Debug|Any CPU
		{920980DA-DF34-4F6B-AC52-7303576F82DE}.Debug|Any CPU.Build.0 = Debug|Any CPU
		{920980DA-DF34-4F6B-AC52-7303576F82DE}.Debug|x64.ActiveCfg = Debug|Any CPU
		{920980DA-DF34-4F6B-AC52-7303576F82DE}.Debug|x64.Build.0 = Debug|Any CPU
		{920980DA-DF34-4F6B-AC52-7303576F82DE}.Debug|x86.ActiveCfg = Debug|Any CPU
		{920980DA-DF34-4F6B-AC52-7303576F82DE}.Debug|x86.Build.0 = Debug|Any CPU
		{920980DA-DF34-4F6B-AC52-7303576F82DE}.Release|Any CPU.ActiveCfg = Release|Any CPU
		{920980DA-DF34-4F6B-AC52-7303576F82DE}.Release|Any CPU.Build.0 = Release|Any CPU
		{920980DA-DF34-4F6B-AC52-7303576F82DE}.Release|x64.ActiveCfg = Release|Any CPU
		{920980DA-DF34-4F6B-AC52-7303576F82DE}.Release|x64.Build.0 = Release|Any CPU
		{920980DA-DF34-4F6B-AC52-7303576F82DE}.Release|x86.ActiveCfg = Release|Any CPU
		{920980DA-DF34-4F6B-AC52-7303576F82DE}.Release|x86.Build.0 = Release|Any CPU
		{727B0748-2C92-4EB9-BB4F-B2544DC27771}.Debug|Any CPU.ActiveCfg = Debug|Any CPU
		{727B0748-2C92-4EB9-BB4F-B2544DC27771}.Debug|Any CPU.Build.0 = Debug|Any CPU
		{727B0748-2C92-4EB9-BB4F-B2544DC27771}.Debug|x64.ActiveCfg = Debug|Any CPU
		{727B0748-2C92-4EB9-BB4F-B2544DC27771}.Debug|x64.Build.0 = Debug|Any CPU
		{727B0748-2C92-4EB9-BB4F-B2544DC27771}.Debug|x86.ActiveCfg = Debug|Any CPU
		{727B0748-2C92-4EB9-BB4F-B2544DC27771}.Debug|x86.Build.0 = Debug|Any CPU
		{727B0748-2C92-4EB9-BB4F-B2544DC27771}.Release|Any CPU.ActiveCfg = Release|Any CPU
		{727B0748-2C92-4EB9-BB4F-B2544DC27771}.Release|Any CPU.Build.0 = Release|Any CPU
		{727B0748-2C92-4EB9-BB4F-B2544DC27771}.Release|x64.ActiveCfg = Release|Any CPU
		{727B0748-2C92-4EB9-BB4F-B2544DC27771}.Release|x64.Build.0 = Release|Any CPU
		{727B0748-2C92-4EB9-BB4F-B2544DC27771}.Release|x86.ActiveCfg = Release|Any CPU
		{727B0748-2C92-4EB9-BB4F-B2544DC27771}.Release|x86.Build.0 = Release|Any CPU
		{64C9C78D-4BFA-4454-A759-688B1B70C3F0}.Debug|Any CPU.ActiveCfg = Debug|Any CPU
		{64C9C78D-4BFA-4454-A759-688B1B70C3F0}.Debug|Any CPU.Build.0 = Debug|Any CPU
		{64C9C78D-4BFA-4454-A759-688B1B70C3F0}.Debug|x64.ActiveCfg = Debug|Any CPU
		{64C9C78D-4BFA-4454-A759-688B1B70C3F0}.Debug|x64.Build.0 = Debug|Any CPU
		{64C9C78D-4BFA-4454-A759-688B1B70C3F0}.Debug|x86.ActiveCfg = Debug|Any CPU
		{64C9C78D-4BFA-4454-A759-688B1B70C3F0}.Debug|x86.Build.0 = Debug|Any CPU
		{64C9C78D-4BFA-4454-A759-688B1B70C3F0}.Release|Any CPU.ActiveCfg = Release|Any CPU
		{64C9C78D-4BFA-4454-A759-688B1B70C3F0}.Release|Any CPU.Build.0 = Release|Any CPU
		{64C9C78D-4BFA-4454-A759-688B1B70C3F0}.Release|x64.ActiveCfg = Release|Any CPU
		{64C9C78D-4BFA-4454-A759-688B1B70C3F0}.Release|x64.Build.0 = Release|Any CPU
		{64C9C78D-4BFA-4454-A759-688B1B70C3F0}.Release|x86.ActiveCfg = Release|Any CPU
		{64C9C78D-4BFA-4454-A759-688B1B70C3F0}.Release|x86.Build.0 = Release|Any CPU
	EndGlobalSection
	GlobalSection(NestedProjects) = preSolution
		{64C9C78D-4BFA-4454-A759-688B1B70C3F0} = {F34854C0-2466-11EB-8A8A-47D605A0E795}
		{920980DA-DF34-4F6B-AC52-7303576F82DE} = {F34854C0-2466-11EB-8A8A-47D605A0E795}
		{7A331E92-96F1-4B7C-8F53-80B320BE7FA1} = {F34854C0-2466-11EB-8A8A-47D605A0E795}
	EndGlobalSection
EndGlobal
